// !$*UTF8*$!
{
	archiveVersion = 1;
	classes = {
	};
	objectVersion = 53;
	objects = {

/* Begin PBXBuildFile section */
		3105F1C3293FE8B30062C6F8 /* ImpHFSLister.m in Sources */ = {isa = PBXBuildFile; fileRef = 3105F1C2293FE8B30062C6F8 /* ImpHFSLister.m */; };
		3105F1C6294574160062C6F8 /* ImpDefragmentingHFSToHFSPlusConverter.m in Sources */ = {isa = PBXBuildFile; fileRef = 3105F1C5294574160062C6F8 /* ImpDefragmentingHFSToHFSPlusConverter.m */; };
		3105F1CA294EE34B0062C6F8 /* ImpMutableBTreeFile.m in Sources */ = {isa = PBXBuildFile; fileRef = 3105F1C9294EE34B0062C6F8 /* ImpMutableBTreeFile.m */; };
		3105F1CD29501F5E0062C6F8 /* ImpBTreeMapNode.m in Sources */ = {isa = PBXBuildFile; fileRef = 3105F1CC29501F5E0062C6F8 /* ImpBTreeMapNode.m */; };
		31077AD1293849EE00066789 /* ImpBTreeIndexNode.m in Sources */ = {isa = PBXBuildFile; fileRef = 31077AD0293849EE00066789 /* ImpBTreeIndexNode.m */; };
		31077AD42939587400066789 /* NSData+ImpHexDump.m in Sources */ = {isa = PBXBuildFile; fileRef = 31077AD32939587300066789 /* NSData+ImpHexDump.m */; };
		3135D7782960FFDC001E4890 /* ImpComparisonUtilities.m in Sources */ = {isa = PBXBuildFile; fileRef = 3135D7772960FFDC001E4890 /* ImpComparisonUtilities.m */; };
		313CF74A29C8415D00CAA05E /* ImpDehydratedResourceFork.m in Sources */ = {isa = PBXBuildFile; fileRef = 313CF74929C8415D00CAA05E /* ImpDehydratedResourceFork.m */; };
		314EFFDB2932CF3700CE74E9 /* main.m in Sources */ = {isa = PBXBuildFile; fileRef = 314EFFDA2932CF3700CE74E9 /* main.m */; };
		314EFFE4293301BB00CE74E9 /* ImpHFSToHFSPlusConverter.m in Sources */ = {isa = PBXBuildFile; fileRef = 314EFFE3293301BB00CE74E9 /* ImpHFSToHFSPlusConverter.m */; };
		314EFFE72933160800CE74E9 /* ImpHFSVolume.m in Sources */ = {isa = PBXBuildFile; fileRef = 314EFFE62933160800CE74E9 /* ImpHFSVolume.m */; };
		314EFFEA29332FEA00CE74E9 /* ImpHFSPlusVolume.m in Sources */ = {isa = PBXBuildFile; fileRef = 314EFFE929332FEA00CE74E9 /* ImpHFSPlusVolume.m */; };
		314EFFED29346AB300CE74E9 /* ImpBTreeFile.m in Sources */ = {isa = PBXBuildFile; fileRef = 314EFFEC29346AB300CE74E9 /* ImpBTreeFile.m */; };
		314EFFF0293486BB00CE74E9 /* ImpBTreeNode.m in Sources */ = {isa = PBXBuildFile; fileRef = 314EFFEF293486BB00CE74E9 /* ImpBTreeNode.m */; };
		314EFFF3293510CE00CE74E9 /* ImpBTreeHeaderNode.m in Sources */ = {isa = PBXBuildFile; fileRef = 314EFFF2293510CE00CE74E9 /* ImpBTreeHeaderNode.m */; };
		314EFFF72936D80D00CE74E9 /* ImpExtentSeries.m in Sources */ = {isa = PBXBuildFile; fileRef = 314EFFF62936D80D00CE74E9 /* ImpExtentSeries.m */; };
		31A1B58A29B64FB000127C69 /* ImpCatalogBuilder.m in Sources */ = {isa = PBXBuildFile; fileRef = 31A1B58929B64FB000127C69 /* ImpCatalogBuilder.m */; };
		31A5B1C2296127CB00D8A731 /* ImpHFSAnalyzer.m in Sources */ = {isa = PBXBuildFile; fileRef = 31A5B1C1296127CB00D8A731 /* ImpHFSAnalyzer.m */; };
		31C6E9D62939CE7D000A87D8 /* ImpPrintf.m in Sources */ = {isa = PBXBuildFile; fileRef = 31C6E9D52939CE7D000A87D8 /* ImpPrintf.m */; };
		31CD6E7829CC36D70076FEF8 /* TestResourceFork.m in Sources */ = {isa = PBXBuildFile; fileRef = 31CD6E7729CC36D70076FEF8 /* TestResourceFork.m */; };
		31CD6E7929CC36FF0076FEF8 /* ImpDehydratedItem.m in Sources */ = {isa = PBXBuildFile; fileRef = 31F719B4293ABAAB0055EEA3 /* ImpDehydratedItem.m */; };
		31CD6E7A29CC36FF0076FEF8 /* ImpDehydratedResourceFork.m in Sources */ = {isa = PBXBuildFile; fileRef = 313CF74929C8415D00CAA05E /* ImpDehydratedResourceFork.m */; };
		31CD6E7B29CC3A8E0076FEF8 /* ImpPrintf.m in Sources */ = {isa = PBXBuildFile; fileRef = 31C6E9D52939CE7D000A87D8 /* ImpPrintf.m */; };
		31CD6E7C29CC3AA00076FEF8 /* ImpHFSPlusVolume.m in Sources */ = {isa = PBXBuildFile; fileRef = 314EFFE929332FEA00CE74E9 /* ImpHFSPlusVolume.m */; };
		31CD6E7D29CC3AA60076FEF8 /* ImpTextEncodingConverter.m in Sources */ = {isa = PBXBuildFile; fileRef = 31F719B7293AC4230055EEA3 /* ImpTextEncodingConverter.m */; };
		31CD6E7E29CC3ABB0076FEF8 /* ImpHFSVolume.m in Sources */ = {isa = PBXBuildFile; fileRef = 314EFFE62933160800CE74E9 /* ImpHFSVolume.m */; };
		31CD6E7F29CC3B070076FEF8 /* ImpSizeUtilities.m in Sources */ = {isa = PBXBuildFile; fileRef = 31FD38C32978E29D00B44404 /* ImpSizeUtilities.m */; };
		31CD6E8029CC3B0C0076FEF8 /* ImpErrorUtilities.m in Sources */ = {isa = PBXBuildFile; fileRef = 31F719B1293A8FD90055EEA3 /* ImpErrorUtilities.m */; };
		31CD6E8629CC3BB10076FEF8 /* ImpComparisonUtilities.m in Sources */ = {isa = PBXBuildFile; fileRef = 3135D7772960FFDC001E4890 /* ImpComparisonUtilities.m */; };
		31CD6E8729CC3BCE0076FEF8 /* ImpBTreeFile.m in Sources */ = {isa = PBXBuildFile; fileRef = 314EFFEC29346AB300CE74E9 /* ImpBTreeFile.m */; };
		31CD6E8829CC3BCE0076FEF8 /* ImpBTreeNode.m in Sources */ = {isa = PBXBuildFile; fileRef = 314EFFEF293486BB00CE74E9 /* ImpBTreeNode.m */; };
		31CD6E8929CC3BCE0076FEF8 /* ImpBTreeHeaderNode.m in Sources */ = {isa = PBXBuildFile; fileRef = 314EFFF2293510CE00CE74E9 /* ImpBTreeHeaderNode.m */; };
		31CD6E8A29CC3BCE0076FEF8 /* ImpBTreeMapNode.m in Sources */ = {isa = PBXBuildFile; fileRef = 3105F1CC29501F5E0062C6F8 /* ImpBTreeMapNode.m */; };
		31CD6E8B29CC3BCE0076FEF8 /* ImpBTreeIndexNode.m in Sources */ = {isa = PBXBuildFile; fileRef = 31077AD0293849EE00066789 /* ImpBTreeIndexNode.m */; };
		31CD6E8E29CC3E2A0076FEF8 /* TestData.r in Rez */ = {isa = PBXBuildFile; fileRef = 31CD6E7629CC36BB0076FEF8 /* TestData.r */; };
		31CD6E8F29CC40150076FEF8 /* NSData+ImpHexDump.m in Sources */ = {isa = PBXBuildFile; fileRef = 31077AD32939587300066789 /* NSData+ImpHexDump.m */; };
		31CD6E9229CD76840076FEF8 /* ImpCSVProducer.m in Sources */ = {isa = PBXBuildFile; fileRef = 31CD6E9129CD76840076FEF8 /* ImpCSVProducer.m */; };
		31CD6E9329CD76840076FEF8 /* ImpCSVProducer.m in Sources */ = {isa = PBXBuildFile; fileRef = 31CD6E9129CD76840076FEF8 /* ImpCSVProducer.m */; };
		31CD6E9529CD7CBA0076FEF8 /* TestCSVProducer.m in Sources */ = {isa = PBXBuildFile; fileRef = 31CD6E9429CD7CBA0076FEF8 /* TestCSVProducer.m */; };
		31D46AC529AEA7D7004B04B7 /* ImpVolumeProbe.m in Sources */ = {isa = PBXBuildFile; fileRef = 31D46AC429AEA7D7004B04B7 /* ImpVolumeProbe.m */; };
		31F719AF293A8F300055EEA3 /* ImpHFSExtractor.m in Sources */ = {isa = PBXBuildFile; fileRef = 31F719AE293A8F300055EEA3 /* ImpHFSExtractor.m */; };
		31F719B2293A8FD90055EEA3 /* ImpErrorUtilities.m in Sources */ = {isa = PBXBuildFile; fileRef = 31F719B1293A8FD90055EEA3 /* ImpErrorUtilities.m */; };
		31F719B5293ABAAB0055EEA3 /* ImpDehydratedItem.m in Sources */ = {isa = PBXBuildFile; fileRef = 31F719B4293ABAAB0055EEA3 /* ImpDehydratedItem.m */; };
		31F719B8293AC4230055EEA3 /* ImpTextEncodingConverter.m in Sources */ = {isa = PBXBuildFile; fileRef = 31F719B7293AC4230055EEA3 /* ImpTextEncodingConverter.m */; };
		31F719BC293D1FC40055EEA3 /* NSData+ImpSubdata.m in Sources */ = {isa = PBXBuildFile; fileRef = 31F719BB293D1FC40055EEA3 /* NSData+ImpSubdata.m */; };
		31F719C4293D4C5F0055EEA3 /* TestDangerouslyFastSubdata.m in Sources */ = {isa = PBXBuildFile; fileRef = 31F719C3293D4C5F0055EEA3 /* TestDangerouslyFastSubdata.m */; };
		31F719C8293D4C8E0055EEA3 /* NSData+ImpSubdata.m in Sources */ = {isa = PBXBuildFile; fileRef = 31F719BB293D1FC40055EEA3 /* NSData+ImpSubdata.m */; };
		31FD38C42978E29D00B44404 /* ImpSizeUtilities.m in Sources */ = {isa = PBXBuildFile; fileRef = 31FD38C32978E29D00B44404 /* ImpSizeUtilities.m */; };
/* End PBXBuildFile section */

/* Begin PBXCopyFilesBuildPhase section */
		314EFFD52932CF3700CE74E9 /* CopyFiles */ = {
			isa = PBXCopyFilesBuildPhase;
			buildActionMask = 2147483647;
			dstPath = /usr/share/man/man1/;
			dstSubfolderSpec = 0;
			files = (
			);
			runOnlyForDeploymentPostprocessing = 1;
		};
/* End PBXCopyFilesBuildPhase section */

/* Begin PBXFileReference section */
		3105F1C1293FE8B30062C6F8 /* ImpHFSLister.h */ = {isa = PBXFileReference; lastKnownFileType = sourcecode.c.h; path = ImpHFSLister.h; sourceTree = "<group>"; };
		3105F1C2293FE8B30062C6F8 /* ImpHFSLister.m */ = {isa = PBXFileReference; lastKnownFileType = sourcecode.c.objc; path = ImpHFSLister.m; sourceTree = "<group>"; };
		3105F1C4294574160062C6F8 /* ImpDefragmentingHFSToHFSPlusConverter.h */ = {isa = PBXFileReference; lastKnownFileType = sourcecode.c.h; path = ImpDefragmentingHFSToHFSPlusConverter.h; sourceTree = "<group>"; };
		3105F1C5294574160062C6F8 /* ImpDefragmentingHFSToHFSPlusConverter.m */ = {isa = PBXFileReference; lastKnownFileType = sourcecode.c.objc; path = ImpDefragmentingHFSToHFSPlusConverter.m; sourceTree = "<group>"; };
		3105F1C8294EE34B0062C6F8 /* ImpMutableBTreeFile.h */ = {isa = PBXFileReference; lastKnownFileType = sourcecode.c.h; path = ImpMutableBTreeFile.h; sourceTree = "<group>"; };
		3105F1C9294EE34B0062C6F8 /* ImpMutableBTreeFile.m */ = {isa = PBXFileReference; lastKnownFileType = sourcecode.c.objc; path = ImpMutableBTreeFile.m; sourceTree = "<group>"; };
		3105F1CB29501F5E0062C6F8 /* ImpBTreeMapNode.h */ = {isa = PBXFileReference; lastKnownFileType = sourcecode.c.h; path = ImpBTreeMapNode.h; sourceTree = "<group>"; };
		3105F1CC29501F5E0062C6F8 /* ImpBTreeMapNode.m */ = {isa = PBXFileReference; lastKnownFileType = sourcecode.c.objc; path = ImpBTreeMapNode.m; sourceTree = "<group>"; };
		31077ACE2937C5E500066789 /* ImpSizeUtilities.h */ = {isa = PBXFileReference; lastKnownFileType = sourcecode.c.h; path = ImpSizeUtilities.h; sourceTree = "<group>"; };
		31077ACF293849EE00066789 /* ImpBTreeIndexNode.h */ = {isa = PBXFileReference; lastKnownFileType = sourcecode.c.h; path = ImpBTreeIndexNode.h; sourceTree = "<group>"; };
		31077AD0293849EE00066789 /* ImpBTreeIndexNode.m */ = {isa = PBXFileReference; lastKnownFileType = sourcecode.c.objc; path = ImpBTreeIndexNode.m; sourceTree = "<group>"; };
		31077AD22939587300066789 /* NSData+ImpHexDump.h */ = {isa = PBXFileReference; lastKnownFileType = sourcecode.c.h; path = "NSData+ImpHexDump.h"; sourceTree = "<group>"; };
		31077AD32939587300066789 /* NSData+ImpHexDump.m */ = {isa = PBXFileReference; lastKnownFileType = sourcecode.c.objc; path = "NSData+ImpHexDump.m"; sourceTree = "<group>"; };
		3135D7762960FFDC001E4890 /* ImpComparisonUtilities.h */ = {isa = PBXFileReference; lastKnownFileType = sourcecode.c.h; path = ImpComparisonUtilities.h; sourceTree = "<group>"; };
		3135D7772960FFDC001E4890 /* ImpComparisonUtilities.m */ = {isa = PBXFileReference; lastKnownFileType = sourcecode.c.objc; path = ImpComparisonUtilities.m; sourceTree = "<group>"; };
		313CF74829C8415D00CAA05E /* ImpDehydratedResourceFork.h */ = {isa = PBXFileReference; lastKnownFileType = sourcecode.c.h; path = ImpDehydratedResourceFork.h; sourceTree = "<group>"; };
		313CF74929C8415D00CAA05E /* ImpDehydratedResourceFork.m */ = {isa = PBXFileReference; lastKnownFileType = sourcecode.c.objc; path = ImpDehydratedResourceFork.m; sourceTree = "<group>"; };
		314EFFD72932CF3700CE74E9 /* impluse-hfs */ = {isa = PBXFileReference; explicitFileType = "compiled.mach-o.executable"; includeInIndex = 0; path = "impluse-hfs"; sourceTree = BUILT_PRODUCTS_DIR; };
		314EFFDA2932CF3700CE74E9 /* main.m */ = {isa = PBXFileReference; lastKnownFileType = sourcecode.c.objc; path = main.m; sourceTree = "<group>"; };
		314EFFE12932CF5B00CE74E9 /* README.md */ = {isa = PBXFileReference; lastKnownFileType = net.daringfireball.markdown; path = README.md; sourceTree = "<group>"; };
		314EFFE2293301BB00CE74E9 /* ImpHFSToHFSPlusConverter.h */ = {isa = PBXFileReference; lastKnownFileType = sourcecode.c.h; path = ImpHFSToHFSPlusConverter.h; sourceTree = "<group>"; };
		314EFFE3293301BB00CE74E9 /* ImpHFSToHFSPlusConverter.m */ = {isa = PBXFileReference; lastKnownFileType = sourcecode.c.objc; path = ImpHFSToHFSPlusConverter.m; sourceTree = "<group>"; };
		314EFFE52933160800CE74E9 /* ImpHFSVolume.h */ = {isa = PBXFileReference; lastKnownFileType = sourcecode.c.h; path = ImpHFSVolume.h; sourceTree = "<group>"; };
		314EFFE62933160800CE74E9 /* ImpHFSVolume.m */ = {isa = PBXFileReference; lastKnownFileType = sourcecode.c.objc; path = ImpHFSVolume.m; sourceTree = "<group>"; };
		314EFFE829332FEA00CE74E9 /* ImpHFSPlusVolume.h */ = {isa = PBXFileReference; lastKnownFileType = sourcecode.c.h; path = ImpHFSPlusVolume.h; sourceTree = "<group>"; };
		314EFFE929332FEA00CE74E9 /* ImpHFSPlusVolume.m */ = {isa = PBXFileReference; lastKnownFileType = sourcecode.c.objc; path = ImpHFSPlusVolume.m; sourceTree = "<group>"; };
		314EFFEB29346AB300CE74E9 /* ImpBTreeFile.h */ = {isa = PBXFileReference; lastKnownFileType = sourcecode.c.h; path = ImpBTreeFile.h; sourceTree = "<group>"; };
		314EFFEC29346AB300CE74E9 /* ImpBTreeFile.m */ = {isa = PBXFileReference; lastKnownFileType = sourcecode.c.objc; path = ImpBTreeFile.m; sourceTree = "<group>"; };
		314EFFEE293486BB00CE74E9 /* ImpBTreeNode.h */ = {isa = PBXFileReference; lastKnownFileType = sourcecode.c.h; path = ImpBTreeNode.h; sourceTree = "<group>"; };
		314EFFEF293486BB00CE74E9 /* ImpBTreeNode.m */ = {isa = PBXFileReference; lastKnownFileType = sourcecode.c.objc; path = ImpBTreeNode.m; sourceTree = "<group>"; };
		314EFFF1293510CE00CE74E9 /* ImpBTreeHeaderNode.h */ = {isa = PBXFileReference; lastKnownFileType = sourcecode.c.h; path = ImpBTreeHeaderNode.h; sourceTree = "<group>"; };
		314EFFF2293510CE00CE74E9 /* ImpBTreeHeaderNode.m */ = {isa = PBXFileReference; lastKnownFileType = sourcecode.c.objc; path = ImpBTreeHeaderNode.m; sourceTree = "<group>"; };
		314EFFF4293542AE00CE74E9 /* NOTES.md */ = {isa = PBXFileReference; lastKnownFileType = net.daringfireball.markdown; path = NOTES.md; sourceTree = "<group>"; };
		314EFFF52936D80D00CE74E9 /* ImpExtentSeries.h */ = {isa = PBXFileReference; lastKnownFileType = sourcecode.c.h; path = ImpExtentSeries.h; sourceTree = "<group>"; };
		314EFFF62936D80D00CE74E9 /* ImpExtentSeries.m */ = {isa = PBXFileReference; lastKnownFileType = sourcecode.c.objc; path = ImpExtentSeries.m; sourceTree = "<group>"; };
		314EFFF829370DF700CE74E9 /* ImpByteOrder.h */ = {isa = PBXFileReference; lastKnownFileType = sourcecode.c.h; path = ImpByteOrder.h; sourceTree = "<group>"; };
		31A1B58829B64FB000127C69 /* ImpCatalogBuilder.h */ = {isa = PBXFileReference; lastKnownFileType = sourcecode.c.h; path = ImpCatalogBuilder.h; sourceTree = "<group>"; };
		31A1B58929B64FB000127C69 /* ImpCatalogBuilder.m */ = {isa = PBXFileReference; lastKnownFileType = sourcecode.c.objc; path = ImpCatalogBuilder.m; sourceTree = "<group>"; };
		31A5B1C0296127CB00D8A731 /* ImpHFSAnalyzer.h */ = {isa = PBXFileReference; lastKnownFileType = sourcecode.c.h; path = ImpHFSAnalyzer.h; sourceTree = "<group>"; };
		31A5B1C1296127CB00D8A731 /* ImpHFSAnalyzer.m */ = {isa = PBXFileReference; lastKnownFileType = sourcecode.c.objc; path = ImpHFSAnalyzer.m; sourceTree = "<group>"; };
		31A5B1C72968FC5000D8A731 /* ImpBTreeTypes.h */ = {isa = PBXFileReference; lastKnownFileType = sourcecode.c.h; path = ImpBTreeTypes.h; sourceTree = "<group>"; };
		31C6E9D42939CE7D000A87D8 /* ImpPrintf.h */ = {isa = PBXFileReference; lastKnownFileType = sourcecode.c.h; path = ImpPrintf.h; sourceTree = "<group>"; };
		31C6E9D52939CE7D000A87D8 /* ImpPrintf.m */ = {isa = PBXFileReference; lastKnownFileType = sourcecode.c.objc; path = ImpPrintf.m; sourceTree = "<group>"; };
		31C6E9D72939CF1A000A87D8 /* Prefix.h */ = {isa = PBXFileReference; lastKnownFileType = sourcecode.c.h; path = Prefix.h; sourceTree = "<group>"; };
		31CD6E7629CC36BB0076FEF8 /* TestData.r */ = {isa = PBXFileReference; fileEncoding = 4; lastKnownFileType = sourcecode.rez; path = TestData.r; sourceTree = "<group>"; };
		31CD6E7729CC36D70076FEF8 /* TestResourceFork.m */ = {isa = PBXFileReference; lastKnownFileType = sourcecode.c.objc; path = TestResourceFork.m; sourceTree = "<group>"; };
		31CD6E9029CD76840076FEF8 /* ImpCSVProducer.h */ = {isa = PBXFileReference; lastKnownFileType = sourcecode.c.h; path = ImpCSVProducer.h; sourceTree = "<group>"; };
		31CD6E9129CD76840076FEF8 /* ImpCSVProducer.m */ = {isa = PBXFileReference; lastKnownFileType = sourcecode.c.objc; path = ImpCSVProducer.m; sourceTree = "<group>"; };
		31CD6E9429CD7CBA0076FEF8 /* TestCSVProducer.m */ = {isa = PBXFileReference; lastKnownFileType = sourcecode.c.objc; path = TestCSVProducer.m; sourceTree = "<group>"; };
		31D46AC329AEA7D7004B04B7 /* ImpVolumeProbe.h */ = {isa = PBXFileReference; lastKnownFileType = sourcecode.c.h; path = ImpVolumeProbe.h; sourceTree = "<group>"; };
		31D46AC429AEA7D7004B04B7 /* ImpVolumeProbe.m */ = {isa = PBXFileReference; lastKnownFileType = sourcecode.c.objc; path = ImpVolumeProbe.m; sourceTree = "<group>"; };
		31F719AD293A8F300055EEA3 /* ImpHFSExtractor.h */ = {isa = PBXFileReference; lastKnownFileType = sourcecode.c.h; path = ImpHFSExtractor.h; sourceTree = "<group>"; };
		31F719AE293A8F300055EEA3 /* ImpHFSExtractor.m */ = {isa = PBXFileReference; lastKnownFileType = sourcecode.c.objc; path = ImpHFSExtractor.m; sourceTree = "<group>"; };
		31F719B0293A8FC90055EEA3 /* ImpErrorUtilities.h */ = {isa = PBXFileReference; lastKnownFileType = sourcecode.c.h; path = ImpErrorUtilities.h; sourceTree = "<group>"; };
		31F719B1293A8FD90055EEA3 /* ImpErrorUtilities.m */ = {isa = PBXFileReference; lastKnownFileType = sourcecode.c.objc; path = ImpErrorUtilities.m; sourceTree = "<group>"; };
		31F719B3293ABAAB0055EEA3 /* ImpDehydratedItem.h */ = {isa = PBXFileReference; lastKnownFileType = sourcecode.c.h; path = ImpDehydratedItem.h; sourceTree = "<group>"; };
		31F719B4293ABAAB0055EEA3 /* ImpDehydratedItem.m */ = {isa = PBXFileReference; lastKnownFileType = sourcecode.c.objc; path = ImpDehydratedItem.m; sourceTree = "<group>"; };
		31F719B6293AC4230055EEA3 /* ImpTextEncodingConverter.h */ = {isa = PBXFileReference; lastKnownFileType = sourcecode.c.h; path = ImpTextEncodingConverter.h; sourceTree = "<group>"; };
		31F719B7293AC4230055EEA3 /* ImpTextEncodingConverter.m */ = {isa = PBXFileReference; lastKnownFileType = sourcecode.c.objc; path = ImpTextEncodingConverter.m; sourceTree = "<group>"; };
		31F719B9293AF1F40055EEA3 /* ImpForkUtilities.h */ = {isa = PBXFileReference; lastKnownFileType = sourcecode.c.h; path = ImpForkUtilities.h; sourceTree = "<group>"; };
		31F719BA293D1FC40055EEA3 /* NSData+ImpSubdata.h */ = {isa = PBXFileReference; lastKnownFileType = sourcecode.c.h; path = "NSData+ImpSubdata.h"; sourceTree = "<group>"; };
		31F719BB293D1FC40055EEA3 /* NSData+ImpSubdata.m */ = {isa = PBXFileReference; lastKnownFileType = sourcecode.c.objc; path = "NSData+ImpSubdata.m"; sourceTree = "<group>"; };
		31F719C1293D4C5F0055EEA3 /* UnitTests.xctest */ = {isa = PBXFileReference; explicitFileType = wrapper.cfbundle; includeInIndex = 0; path = UnitTests.xctest; sourceTree = BUILT_PRODUCTS_DIR; };
		31F719C3293D4C5F0055EEA3 /* TestDangerouslyFastSubdata.m */ = {isa = PBXFileReference; lastKnownFileType = sourcecode.c.objc; path = TestDangerouslyFastSubdata.m; sourceTree = "<group>"; };
		31FD38C32978E29D00B44404 /* ImpSizeUtilities.m */ = {isa = PBXFileReference; lastKnownFileType = sourcecode.c.objc; path = ImpSizeUtilities.m; sourceTree = "<group>"; };
		BF139B3029B3533A005EDF5F /* project.xcconfig */ = {isa = PBXFileReference; lastKnownFileType = text.xcconfig; name = project.xcconfig; path = "impluse-hfs.xcodeproj/project.xcconfig"; sourceTree = "<group>"; };
/* End PBXFileReference section */

/* Begin PBXFrameworksBuildPhase section */
		314EFFD42932CF3700CE74E9 /* Frameworks */ = {
			isa = PBXFrameworksBuildPhase;
			buildActionMask = 2147483647;
			files = (
			);
			runOnlyForDeploymentPostprocessing = 0;
		};
		31F719BE293D4C5F0055EEA3 /* Frameworks */ = {
			isa = PBXFrameworksBuildPhase;
			buildActionMask = 2147483647;
			files = (
			);
			runOnlyForDeploymentPostprocessing = 0;
		};
/* End PBXFrameworksBuildPhase section */

/* Begin PBXGroup section */
		314EFFCE2932CF3700CE74E9 = {
			isa = PBXGroup;
			children = (
				BF139B3029B3533A005EDF5F /* project.xcconfig */,
				314EFFE12932CF5B00CE74E9 /* README.md */,
				314EFFF4293542AE00CE74E9 /* NOTES.md */,
				314EFFD92932CF3700CE74E9 /* common */,
				31D46AC629B28427004B04B7 /* cli */,
				31F719C2293D4C5F0055EEA3 /* UnitTests */,
				314EFFD82932CF3700CE74E9 /* Products */,
			);
			sourceTree = "<group>";
		};
		314EFFD82932CF3700CE74E9 /* Products */ = {
			isa = PBXGroup;
			children = (
				314EFFD72932CF3700CE74E9 /* impluse-hfs */,
				31F719C1293D4C5F0055EEA3 /* UnitTests.xctest */,
			);
			name = Products;
			sourceTree = "<group>";
		};
		314EFFD92932CF3700CE74E9 /* common */ = {
			isa = PBXGroup;
			children = (
				31C6E9D72939CF1A000A87D8 /* Prefix.h */,
				314EFFF829370DF700CE74E9 /* ImpByteOrder.h */,
				31077ACE2937C5E500066789 /* ImpSizeUtilities.h */,
				31FD38C32978E29D00B44404 /* ImpSizeUtilities.m */,
				31F719B9293AF1F40055EEA3 /* ImpForkUtilities.h */,
				31F719B0293A8FC90055EEA3 /* ImpErrorUtilities.h */,
				31F719B1293A8FD90055EEA3 /* ImpErrorUtilities.m */,
				31C6E9D42939CE7D000A87D8 /* ImpPrintf.h */,
				31C6E9D52939CE7D000A87D8 /* ImpPrintf.m */,
				31F719B6293AC4230055EEA3 /* ImpTextEncodingConverter.h */,
				31F719B7293AC4230055EEA3 /* ImpTextEncodingConverter.m */,
				3135D7762960FFDC001E4890 /* ImpComparisonUtilities.h */,
				3135D7772960FFDC001E4890 /* ImpComparisonUtilities.m */,
				31077AD22939587300066789 /* NSData+ImpHexDump.h */,
				31077AD32939587300066789 /* NSData+ImpHexDump.m */,
				31F719BA293D1FC40055EEA3 /* NSData+ImpSubdata.h */,
				31F719BB293D1FC40055EEA3 /* NSData+ImpSubdata.m */,
				314EFFE52933160800CE74E9 /* ImpHFSVolume.h */,
				314EFFE62933160800CE74E9 /* ImpHFSVolume.m */,
				314EFFE829332FEA00CE74E9 /* ImpHFSPlusVolume.h */,
				314EFFE929332FEA00CE74E9 /* ImpHFSPlusVolume.m */,
				31D46AC329AEA7D7004B04B7 /* ImpVolumeProbe.h */,
				31D46AC429AEA7D7004B04B7 /* ImpVolumeProbe.m */,
				314EFFEB29346AB300CE74E9 /* ImpBTreeFile.h */,
				314EFFEC29346AB300CE74E9 /* ImpBTreeFile.m */,
				3105F1C8294EE34B0062C6F8 /* ImpMutableBTreeFile.h */,
				3105F1C9294EE34B0062C6F8 /* ImpMutableBTreeFile.m */,
				31A5B1C72968FC5000D8A731 /* ImpBTreeTypes.h */,
				314EFFEE293486BB00CE74E9 /* ImpBTreeNode.h */,
				314EFFEF293486BB00CE74E9 /* ImpBTreeNode.m */,
				314EFFF1293510CE00CE74E9 /* ImpBTreeHeaderNode.h */,
				314EFFF2293510CE00CE74E9 /* ImpBTreeHeaderNode.m */,
				3105F1CB29501F5E0062C6F8 /* ImpBTreeMapNode.h */,
				3105F1CC29501F5E0062C6F8 /* ImpBTreeMapNode.m */,
				31077ACF293849EE00066789 /* ImpBTreeIndexNode.h */,
				31077AD0293849EE00066789 /* ImpBTreeIndexNode.m */,
				314EFFF52936D80D00CE74E9 /* ImpExtentSeries.h */,
				314EFFF62936D80D00CE74E9 /* ImpExtentSeries.m */,
				31F719B3293ABAAB0055EEA3 /* ImpDehydratedItem.h */,
				31F719B4293ABAAB0055EEA3 /* ImpDehydratedItem.m */,
				313CF74829C8415D00CAA05E /* ImpDehydratedResourceFork.h */,
				313CF74929C8415D00CAA05E /* ImpDehydratedResourceFork.m */,
				31CD6E9029CD76840076FEF8 /* ImpCSVProducer.h */,
				31CD6E9129CD76840076FEF8 /* ImpCSVProducer.m */,
				314EFFE2293301BB00CE74E9 /* ImpHFSToHFSPlusConverter.h */,
				314EFFE3293301BB00CE74E9 /* ImpHFSToHFSPlusConverter.m */,
				3105F1C4294574160062C6F8 /* ImpDefragmentingHFSToHFSPlusConverter.h */,
				3105F1C5294574160062C6F8 /* ImpDefragmentingHFSToHFSPlusConverter.m */,
				31A1B58829B64FB000127C69 /* ImpCatalogBuilder.h */,
				31A1B58929B64FB000127C69 /* ImpCatalogBuilder.m */,
				31F719AD293A8F300055EEA3 /* ImpHFSExtractor.h */,
				31F719AE293A8F300055EEA3 /* ImpHFSExtractor.m */,
				3105F1C1293FE8B30062C6F8 /* ImpHFSLister.h */,
				3105F1C2293FE8B30062C6F8 /* ImpHFSLister.m */,
				31A5B1C0296127CB00D8A731 /* ImpHFSAnalyzer.h */,
				31A5B1C1296127CB00D8A731 /* ImpHFSAnalyzer.m */,
			);
			path = common;
			sourceTree = "<group>";
		};
		31D46AC629B28427004B04B7 /* cli */ = {
			isa = PBXGroup;
			children = (
				314EFFDA2932CF3700CE74E9 /* main.m */,
			);
			path = cli;
			sourceTree = "<group>";
		};
		31F719C2293D4C5F0055EEA3 /* UnitTests */ = {
			isa = PBXGroup;
			children = (
				31F719C3293D4C5F0055EEA3 /* TestDangerouslyFastSubdata.m */,
				31CD6E7629CC36BB0076FEF8 /* TestData.r */,
				31CD6E7729CC36D70076FEF8 /* TestResourceFork.m */,
				31CD6E9429CD7CBA0076FEF8 /* TestCSVProducer.m */,
			);
			path = UnitTests;
			sourceTree = "<group>";
		};
/* End PBXGroup section */

/* Begin PBXNativeTarget section */
		314EFFD62932CF3700CE74E9 /* impluse-hfs */ = {
			isa = PBXNativeTarget;
			buildConfigurationList = 314EFFDE2932CF3700CE74E9 /* Build configuration list for PBXNativeTarget "impluse-hfs" */;
			buildPhases = (
				314EFFD32932CF3700CE74E9 /* Sources */,
				314EFFD42932CF3700CE74E9 /* Frameworks */,
				314EFFD52932CF3700CE74E9 /* CopyFiles */,
			);
			buildRules = (
			);
			dependencies = (
			);
			name = "impluse-hfs";
			productName = "impluse-hfs";
			productReference = 314EFFD72932CF3700CE74E9 /* impluse-hfs */;
			productType = "com.apple.product-type.tool";
		};
		31F719C0293D4C5F0055EEA3 /* UnitTests */ = {
			isa = PBXNativeTarget;
			buildConfigurationList = 31F719C5293D4C5F0055EEA3 /* Build configuration list for PBXNativeTarget "UnitTests" */;
			buildPhases = (
				31F719BD293D4C5F0055EEA3 /* Sources */,
				31F719BE293D4C5F0055EEA3 /* Frameworks */,
				31CD6E8D29CC3E220076FEF8 /* Rez */,
				31F719BF293D4C5F0055EEA3 /* Resources */,
			);
			buildRules = (
			);
			dependencies = (
			);
			name = UnitTests;
			productName = UnitTests;
			productReference = 31F719C1293D4C5F0055EEA3 /* UnitTests.xctest */;
			productType = "com.apple.product-type.bundle.unit-test";
		};
/* End PBXNativeTarget section */

/* Begin PBXProject section */
		314EFFCF2932CF3700CE74E9 /* Project object */ = {
			isa = PBXProject;
			attributes = {
				BuildIndependentTargetsInParallel = 1;
				LastUpgradeCheck = 1330;
				TargetAttributes = {
					314EFFD62932CF3700CE74E9 = {
						CreatedOnToolsVersion = 13.3;
					};
					31F719C0293D4C5F0055EEA3 = {
						CreatedOnToolsVersion = 13.3;
					};
				};
			};
			buildConfigurationList = 314EFFD22932CF3700CE74E9 /* Build configuration list for PBXProject "impluse-hfs" */;
			compatibilityVersion = "Xcode 9.3";
			developmentRegion = en;
			hasScannedForEncodings = 0;
			knownRegions = (
				en,
				Base,
			);
			mainGroup = 314EFFCE2932CF3700CE74E9;
			productRefGroup = 314EFFD82932CF3700CE74E9 /* Products */;
			projectDirPath = "";
			projectRoot = "";
			targets = (
				314EFFD62932CF3700CE74E9 /* impluse-hfs */,
				31F719C0293D4C5F0055EEA3 /* UnitTests */,
			);
		};
/* End PBXProject section */

/* Begin PBXResourcesBuildPhase section */
		31F719BF293D4C5F0055EEA3 /* Resources */ = {
			isa = PBXResourcesBuildPhase;
			buildActionMask = 2147483647;
			files = (
			);
			runOnlyForDeploymentPostprocessing = 0;
		};
/* End PBXResourcesBuildPhase section */

/* Begin PBXRezBuildPhase section */
		31CD6E8D29CC3E220076FEF8 /* Rez */ = {
			isa = PBXRezBuildPhase;
			buildActionMask = 2147483647;
			files = (
				31CD6E8E29CC3E2A0076FEF8 /* TestData.r in Rez */,
			);
			runOnlyForDeploymentPostprocessing = 0;
		};
/* End PBXRezBuildPhase section */

/* Begin PBXSourcesBuildPhase section */
		314EFFD32932CF3700CE74E9 /* Sources */ = {
			isa = PBXSourcesBuildPhase;
			buildActionMask = 2147483647;
			files = (
				3105F1C6294574160062C6F8 /* ImpDefragmentingHFSToHFSPlusConverter.m in Sources */,
				31077AD1293849EE00066789 /* ImpBTreeIndexNode.m in Sources */,
				31A5B1C2296127CB00D8A731 /* ImpHFSAnalyzer.m in Sources */,
				314EFFED29346AB300CE74E9 /* ImpBTreeFile.m in Sources */,
				31F719B2293A8FD90055EEA3 /* ImpErrorUtilities.m in Sources */,
				3135D7782960FFDC001E4890 /* ImpComparisonUtilities.m in Sources */,
				31FD38C42978E29D00B44404 /* ImpSizeUtilities.m in Sources */,
				314EFFF0293486BB00CE74E9 /* ImpBTreeNode.m in Sources */,
				31077AD42939587400066789 /* NSData+ImpHexDump.m in Sources */,
				31D46AC529AEA7D7004B04B7 /* ImpVolumeProbe.m in Sources */,
				31A1B58A29B64FB000127C69 /* ImpCatalogBuilder.m in Sources */,
				31F719B5293ABAAB0055EEA3 /* ImpDehydratedItem.m in Sources */,
				31F719B8293AC4230055EEA3 /* ImpTextEncodingConverter.m in Sources */,
				314EFFEA29332FEA00CE74E9 /* ImpHFSPlusVolume.m in Sources */,
				3105F1C3293FE8B30062C6F8 /* ImpHFSLister.m in Sources */,
				314EFFF3293510CE00CE74E9 /* ImpBTreeHeaderNode.m in Sources */,
				314EFFE72933160800CE74E9 /* ImpHFSVolume.m in Sources */,
				314EFFF72936D80D00CE74E9 /* ImpExtentSeries.m in Sources */,
				31CD6E9229CD76840076FEF8 /* ImpCSVProducer.m in Sources */,
				314EFFE4293301BB00CE74E9 /* ImpHFSToHFSPlusConverter.m in Sources */,
				314EFFDB2932CF3700CE74E9 /* main.m in Sources */,
				31C6E9D62939CE7D000A87D8 /* ImpPrintf.m in Sources */,
				3105F1CD29501F5E0062C6F8 /* ImpBTreeMapNode.m in Sources */,
				313CF74A29C8415D00CAA05E /* ImpDehydratedResourceFork.m in Sources */,
				31F719BC293D1FC40055EEA3 /* NSData+ImpSubdata.m in Sources */,
				31F719AF293A8F300055EEA3 /* ImpHFSExtractor.m in Sources */,
				3105F1CA294EE34B0062C6F8 /* ImpMutableBTreeFile.m in Sources */,
			);
			runOnlyForDeploymentPostprocessing = 0;
		};
		31F719BD293D4C5F0055EEA3 /* Sources */ = {
			isa = PBXSourcesBuildPhase;
			buildActionMask = 2147483647;
			files = (
				31CD6E8F29CC40150076FEF8 /* NSData+ImpHexDump.m in Sources */,
				31CD6E8629CC3BB10076FEF8 /* ImpComparisonUtilities.m in Sources */,
				31CD6E8029CC3B0C0076FEF8 /* ImpErrorUtilities.m in Sources */,
				31CD6E7F29CC3B070076FEF8 /* ImpSizeUtilities.m in Sources */,
				31CD6E9529CD7CBA0076FEF8 /* TestCSVProducer.m in Sources */,
				31F719C8293D4C8E0055EEA3 /* NSData+ImpSubdata.m in Sources */,
				31CD6E9329CD76840076FEF8 /* ImpCSVProducer.m in Sources */,
				31CD6E7B29CC3A8E0076FEF8 /* ImpPrintf.m in Sources */,
				31CD6E7D29CC3AA60076FEF8 /* ImpTextEncodingConverter.m in Sources */,
				31CD6E8729CC3BCE0076FEF8 /* ImpBTreeFile.m in Sources */,
				31CD6E8829CC3BCE0076FEF8 /* ImpBTreeNode.m in Sources */,
				31CD6E8929CC3BCE0076FEF8 /* ImpBTreeHeaderNode.m in Sources */,
				31CD6E8A29CC3BCE0076FEF8 /* ImpBTreeMapNode.m in Sources */,
				31CD6E8B29CC3BCE0076FEF8 /* ImpBTreeIndexNode.m in Sources */,
				31CD6E7E29CC3ABB0076FEF8 /* ImpHFSVolume.m in Sources */,
				31CD6E7C29CC3AA00076FEF8 /* ImpHFSPlusVolume.m in Sources */,
				31CD6E7929CC36FF0076FEF8 /* ImpDehydratedItem.m in Sources */,
				31CD6E7A29CC36FF0076FEF8 /* ImpDehydratedResourceFork.m in Sources */,
				31F719C4293D4C5F0055EEA3 /* TestDangerouslyFastSubdata.m in Sources */,
				31CD6E7829CC36D70076FEF8 /* TestResourceFork.m in Sources */,
			);
			runOnlyForDeploymentPostprocessing = 0;
		};
/* End PBXSourcesBuildPhase section */

/* Begin XCBuildConfiguration section */
		314EFFDC2932CF3700CE74E9 /* Debug */ = {
			isa = XCBuildConfiguration;
			buildSettings = {
				ALWAYS_SEARCH_USER_PATHS = NO;
				CLANG_ANALYZER_NONNULL = YES;
				CLANG_ANALYZER_NUMBER_OBJECT_CONVERSION = YES_AGGRESSIVE;
				CLANG_CXX_LANGUAGE_STANDARD = "gnu++17";
				CLANG_ENABLE_MODULES = YES;
				CLANG_ENABLE_OBJC_ARC = YES;
				CLANG_ENABLE_OBJC_WEAK = YES;
				CLANG_WARN_BLOCK_CAPTURE_AUTORELEASING = YES;
				CLANG_WARN_BOOL_CONVERSION = YES;
				CLANG_WARN_COMMA = YES;
				CLANG_WARN_CONSTANT_CONVERSION = YES;
				CLANG_WARN_DEPRECATED_OBJC_IMPLEMENTATIONS = YES;
				CLANG_WARN_DIRECT_OBJC_ISA_USAGE = YES_ERROR;
				CLANG_WARN_DOCUMENTATION_COMMENTS = YES;
				CLANG_WARN_EMPTY_BODY = YES;
				CLANG_WARN_ENUM_CONVERSION = YES;
				CLANG_WARN_INFINITE_RECURSION = YES;
				CLANG_WARN_INT_CONVERSION = YES;
				CLANG_WARN_NON_LITERAL_NULL_CONVERSION = YES;
				CLANG_WARN_OBJC_IMPLICIT_RETAIN_SELF = YES;
				CLANG_WARN_OBJC_LITERAL_CONVERSION = YES;
				CLANG_WARN_OBJC_ROOT_CLASS = YES_ERROR;
				CLANG_WARN_QUOTED_INCLUDE_IN_FRAMEWORK_HEADER = YES;
				CLANG_WARN_RANGE_LOOP_ANALYSIS = YES;
				CLANG_WARN_STRICT_PROTOTYPES = YES;
				CLANG_WARN_SUSPICIOUS_MOVE = YES;
				CLANG_WARN_UNGUARDED_AVAILABILITY = YES_AGGRESSIVE;
				CLANG_WARN_UNREACHABLE_CODE = YES;
				CLANG_WARN__DUPLICATE_METHOD_MATCH = YES;
				COPY_PHASE_STRIP = NO;
				DEBUG_INFORMATION_FORMAT = dwarf;
				ENABLE_STRICT_OBJC_MSGSEND = YES;
				ENABLE_TESTABILITY = YES;
				GCC_C_LANGUAGE_STANDARD = gnu11;
				GCC_DYNAMIC_NO_PIC = NO;
				GCC_NO_COMMON_BLOCKS = YES;
				GCC_OPTIMIZATION_LEVEL = 0;
				GCC_PREPROCESSOR_DEFINITIONS = (
					"DEBUG=1",
					"$(inherited)",
				);
				GCC_WARN_64_TO_32_BIT_CONVERSION = YES;
				GCC_WARN_ABOUT_RETURN_TYPE = YES_ERROR;
				GCC_WARN_SHADOW = YES;
				GCC_WARN_SIGN_COMPARE = YES;
				GCC_WARN_UNDECLARED_SELECTOR = YES;
				GCC_WARN_UNINITIALIZED_AUTOS = YES_AGGRESSIVE;
				GCC_WARN_UNUSED_FUNCTION = YES;
				GCC_WARN_UNUSED_VARIABLE = YES;
				MACOSX_DEPLOYMENT_TARGET = 10.15;
				MTL_ENABLE_DEBUG_INFO = INCLUDE_SOURCE;
				MTL_FAST_MATH = YES;
				ONLY_ACTIVE_ARCH = YES;
				SDKROOT = macosx;
			};
			name = Debug;
		};
		314EFFDD2932CF3700CE74E9 /* Release */ = {
			isa = XCBuildConfiguration;
			buildSettings = {
				ALWAYS_SEARCH_USER_PATHS = NO;
				CLANG_ANALYZER_NONNULL = YES;
				CLANG_ANALYZER_NUMBER_OBJECT_CONVERSION = YES_AGGRESSIVE;
				CLANG_CXX_LANGUAGE_STANDARD = "gnu++17";
				CLANG_ENABLE_MODULES = YES;
				CLANG_ENABLE_OBJC_ARC = YES;
				CLANG_ENABLE_OBJC_WEAK = YES;
				CLANG_WARN_BLOCK_CAPTURE_AUTORELEASING = YES;
				CLANG_WARN_BOOL_CONVERSION = YES;
				CLANG_WARN_COMMA = YES;
				CLANG_WARN_CONSTANT_CONVERSION = YES;
				CLANG_WARN_DEPRECATED_OBJC_IMPLEMENTATIONS = YES;
				CLANG_WARN_DIRECT_OBJC_ISA_USAGE = YES_ERROR;
				CLANG_WARN_DOCUMENTATION_COMMENTS = YES;
				CLANG_WARN_EMPTY_BODY = YES;
				CLANG_WARN_ENUM_CONVERSION = YES;
				CLANG_WARN_INFINITE_RECURSION = YES;
				CLANG_WARN_INT_CONVERSION = YES;
				CLANG_WARN_NON_LITERAL_NULL_CONVERSION = YES;
				CLANG_WARN_OBJC_IMPLICIT_RETAIN_SELF = YES;
				CLANG_WARN_OBJC_LITERAL_CONVERSION = YES;
				CLANG_WARN_OBJC_ROOT_CLASS = YES_ERROR;
				CLANG_WARN_QUOTED_INCLUDE_IN_FRAMEWORK_HEADER = YES;
				CLANG_WARN_RANGE_LOOP_ANALYSIS = YES;
				CLANG_WARN_STRICT_PROTOTYPES = YES;
				CLANG_WARN_SUSPICIOUS_MOVE = YES;
				CLANG_WARN_UNGUARDED_AVAILABILITY = YES_AGGRESSIVE;
				CLANG_WARN_UNREACHABLE_CODE = YES;
				CLANG_WARN__DUPLICATE_METHOD_MATCH = YES;
				COPY_PHASE_STRIP = NO;
				DEBUG_INFORMATION_FORMAT = "dwarf-with-dsym";
				ENABLE_NS_ASSERTIONS = NO;
				ENABLE_STRICT_OBJC_MSGSEND = YES;
				GCC_C_LANGUAGE_STANDARD = gnu11;
				GCC_NO_COMMON_BLOCKS = YES;
				GCC_WARN_64_TO_32_BIT_CONVERSION = YES;
				GCC_WARN_ABOUT_RETURN_TYPE = YES_ERROR;
				GCC_WARN_SHADOW = YES;
				GCC_WARN_SIGN_COMPARE = YES;
				GCC_WARN_UNDECLARED_SELECTOR = YES;
				GCC_WARN_UNINITIALIZED_AUTOS = YES_AGGRESSIVE;
				GCC_WARN_UNUSED_FUNCTION = YES;
				GCC_WARN_UNUSED_VARIABLE = YES;
				MACOSX_DEPLOYMENT_TARGET = 10.15;
				MTL_ENABLE_DEBUG_INFO = NO;
				MTL_FAST_MATH = YES;
				SDKROOT = macosx;
			};
			name = Release;
		};
		314EFFDF2932CF3700CE74E9 /* Debug */ = {
			isa = XCBuildConfiguration;
			baseConfigurationReference = BF139B3029B3533A005EDF5F /* project.xcconfig */;
			buildSettings = {
				CLANG_ANALYZER_LOCALIZABILITY_EMPTY_CONTEXT = YES;
				CLANG_ANALYZER_LOCALIZABILITY_NONLOCALIZED = YES;
				CLANG_TIDY_MISC_REDUNDANT_EXPRESSION = YES;
				CLANG_WARN_COMPLETION_HANDLER_MISUSE = YES;
				CLANG_WARN_OBJC_REPEATED_USE_OF_WEAK = YES;
				CLANG_WARN_SEMICOLON_BEFORE_METHOD_BODY = YES;
				CLANG_WARN_SUSPICIOUS_IMPLICIT_CONVERSION = YES;
				CODE_SIGN_STYLE = Automatic;
				DEVELOPMENT_TEAM = "$(inherited)";
				ENABLE_HARDENED_RUNTIME = YES;
				GCC_PRECOMPILE_PREFIX_HEADER = YES;
				GCC_PREFIX_HEADER = common/Prefix.h;
				GCC_WARN_ABOUT_MISSING_FIELD_INITIALIZERS = YES;
				GCC_WARN_INITIALIZER_NOT_FULLY_BRACKETED = YES;
				MACOSX_DEPLOYMENT_TARGET = 10.15;
				PRODUCT_NAME = "$(TARGET_NAME)";
			};
			name = Debug;
		};
		314EFFE02932CF3700CE74E9 /* Release */ = {
			isa = XCBuildConfiguration;
			baseConfigurationReference = BF139B3029B3533A005EDF5F /* project.xcconfig */;
			buildSettings = {
				CLANG_ANALYZER_LOCALIZABILITY_EMPTY_CONTEXT = YES;
				CLANG_ANALYZER_LOCALIZABILITY_NONLOCALIZED = YES;
				CLANG_TIDY_MISC_REDUNDANT_EXPRESSION = YES;
				CLANG_WARN_COMPLETION_HANDLER_MISUSE = YES;
				CLANG_WARN_OBJC_REPEATED_USE_OF_WEAK = YES;
				CLANG_WARN_SEMICOLON_BEFORE_METHOD_BODY = YES;
				CLANG_WARN_SUSPICIOUS_IMPLICIT_CONVERSION = YES;
				CODE_SIGN_STYLE = Automatic;
				DEVELOPMENT_TEAM = "$(inherited)";
				ENABLE_HARDENED_RUNTIME = YES;
				GCC_PRECOMPILE_PREFIX_HEADER = YES;
				GCC_PREFIX_HEADER = common/Prefix.h;
				GCC_WARN_ABOUT_MISSING_FIELD_INITIALIZERS = YES;
				GCC_WARN_INITIALIZER_NOT_FULLY_BRACKETED = YES;
				MACOSX_DEPLOYMENT_TARGET = 10.15;
				PRODUCT_NAME = "$(TARGET_NAME)";
			};
			name = Release;
		};
		31F719C6293D4C5F0055EEA3 /* Debug */ = {
			isa = XCBuildConfiguration;
			baseConfigurationReference = BF139B3029B3533A005EDF5F /* project.xcconfig */;
			buildSettings = {
				CODE_SIGN_STYLE = Automatic;
				CURRENT_PROJECT_VERSION = 1;
				DEVELOPMENT_TEAM = "$(inherited)";
				GENERATE_INFOPLIST_FILE = YES;
				MARKETING_VERSION = 1.0;
				PRODUCT_BUNDLE_IDENTIFIER = org.boredzo.UnitTests;
				PRODUCT_NAME = "$(TARGET_NAME)";
				SWIFT_EMIT_LOC_STRINGS = NO;
			};
			name = Debug;
		};
		31F719C7293D4C5F0055EEA3 /* Release */ = {
			isa = XCBuildConfiguration;
			baseConfigurationReference = BF139B3029B3533A005EDF5F /* project.xcconfig */;
			buildSettings = {
				CODE_SIGN_STYLE = Automatic;
				CURRENT_PROJECT_VERSION = 1;
				DEVELOPMENT_TEAM = "$(inherited)";
				GENERATE_INFOPLIST_FILE = YES;
				MARKETING_VERSION = 1.0;
				PRODUCT_BUNDLE_IDENTIFIER = org.boredzo.UnitTests;
				PRODUCT_NAME = "$(TARGET_NAME)";
				SWIFT_EMIT_LOC_STRINGS = NO;
			};
			name = Release;
		};
/* End XCBuildConfiguration section */

/* Begin XCConfigurationList section */
		314EFFD22932CF3700CE74E9 /* Build configuration list for PBXProject "impluse-hfs" */ = {
			isa = XCConfigurationList;
			buildConfigurations = (
				314EFFDC2932CF3700CE74E9 /* Debug */,
				314EFFDD2932CF3700CE74E9 /* Release */,
			);
			defaultConfigurationIsVisible = 0;
			defaultConfigurationName = Release;
		};
		314EFFDE2932CF3700CE74E9 /* Build configuration list for PBXNativeTarget "impluse-hfs" */ = {
			isa = XCConfigurationList;
			buildConfigurations = (
				314EFFDF2932CF3700CE74E9 /* Debug */,
				314EFFE02932CF3700CE74E9 /* Release */,
			);
			defaultConfigurationIsVisible = 0;
			defaultConfigurationName = Release;
		};
		31F719C5293D4C5F0055EEA3 /* Build configuration list for PBXNativeTarget "UnitTests" */ = {
			isa = XCConfigurationList;
			buildConfigurations = (
				31F719C6293D4C5F0055EEA3 /* Debug */,
				31F719C7293D4C5F0055EEA3 /* Release */,
			);
			defaultConfigurationIsVisible = 0;
			defaultConfigurationName = Release;
		};
/* End XCConfigurationList section */
	};
	rootObject = 314EFFCF2932CF3700CE74E9 /* Project object */;
}
